
Microsoft Visual Studio Solution File, Format Version 12.00
# Visual Studio Version 17
VisualStudioVersion = 17.8.34316.72
MinimumVisualStudioVersion = 10.0.40219.1
Project("{9A19103F-16F7-4668-BE54-9A1E7A4F7556}") = "Framework", "Framework\Framework.csproj", "{53B3AE72-3E7D-4029-B1F2-61B72B0C8D02}"
EndProject
Project("{9A19103F-16F7-4668-BE54-9A1E7A4F7556}") = "Nexus.TestProject", "Nexus.TestProject\Nexus.TestProject.csproj", "{9BDFC14E-7C50-4785-8671-1E0E87DFFBEE}"
EndProject
Project("{2150E333-8FDC-42A3-9474-1A3956D46DE8}") = "Solution Items", "Solution Items", "{7A326482-69D2-46EA-BEF0-FBDE63B67D5A}"
	ProjectSection(SolutionItems) = preProject
		.editorconfig = .editorconfig
	EndProjectSection
EndProject
Global
	GlobalSection(SolutionConfigurationPlatforms) = preSolution
		Debug|Any CPU = Debug|Any CPU
		Release|Any CPU = Release|Any CPU
	EndGlobalSection
	GlobalSection(ProjectConfigurationPlatforms) = postSolution
		{53B3AE72-3E7D-4029-B1F2-61B72B0C8D02}.Debug|Any CPU.ActiveCfg = Debug|Any CPU
		{53B3AE72-3E7D-4029-B1F2-61B72B0C8D02}.Debug|Any CPU.Build.0 = Debug|Any CPU
		{53B3AE72-3E7D-4029-B1F2-61B72B0C8D02}.Release|Any CPU.ActiveCfg = Release|Any CPU
		{53B3AE72-3E7D-4029-B1F2-61B72B0C8D02}.Release|Any CPU.Build.0 = Release|Any CPU
		{9BDFC14E-7C50-4785-8671-1E0E87DFFBEE}.Debug|Any CPU.ActiveCfg = Debug|Any CPU
		{9BDFC14E-7C50-4785-8671-1E0E87DFFBEE}.Debug|Any CPU.Build.0 = Debug|Any CPU
		{9BDFC14E-7C50-4785-8671-1E0E87DFFBEE}.Release|Any CPU.ActiveCfg = Release|Any CPU
		{9BDFC14E-7C50-4785-8671-1E0E87DFFBEE}.Release|Any CPU.Build.0 = Release|Any CPU
	EndGlobalSection
	GlobalSection(SolutionProperties) = preSolution
		HideSolutionNode = FALSE
	EndGlobalSection
	GlobalSection(ExtensibilityGlobals) = postSolution
		SolutionGuid = {B94B0043-8411-4FF9-AA67-573999ACD1A3}
	EndGlobalSection
EndGlobal
